
Microsoft Visual Studio Solution File, Format Version 10.00
# Visual C# Express 2008
Project("{FAE04EC0-301F-11D3-BF4B-00C04F79EFBC}") = "GameObjects", "GameObjects\GameObjects.csproj", "{BB0FAD70-2894-44D2-A6EB-F7FD876B0FDA}"
	ProjectSection(ProjectDependencies) = postProject
		{56DC58D6-46BC-4F4A-A7CF-D3D23EC2A831} = {56DC58D6-46BC-4F4A-A7CF-D3D23EC2A831}
	EndProjectSection
EndProject
Project("{FAE04EC0-301F-11D3-BF4B-00C04F79EFBC}") = "GameGlobal", "GameGlobal\GameGlobal.csproj", "{56DC58D6-46BC-4F4A-A7CF-D3D23EC2A831}"
EndProject
Project("{FAE04EC0-301F-11D3-BF4B-00C04F79EFBC}") = "PluginInterface", "WorldOfTheThreeKingdoms\PluginInterface\PluginInterface.csproj", "{2DA0B513-64BF-4FB8-8775-1C9A5F6C9B21}"
EndProject
Project("{FAE04EC0-301F-11D3-BF4B-00C04F79EFBC}") = "WorldOfTheThreeKingdoms", "WorldOfTheThreeKingdoms\WorldOfTheThreeKingdoms.csproj", "{2E2F316D-58E4-4D37-A6D5-2918AF7CBEBB}"
EndProject
Project("{FAE04EC0-301F-11D3-BF4B-00C04F79EFBC}") = "MapEditor", "MapEditor\MapEditor.csproj", "{8A58A0F7-3E6B-460D-9880-0C2CD05ECA11}"
EndProject
Project("{FAE04EC0-301F-11D3-BF4B-00C04F79EFBC}") = "AirViewPlugin", "WorldOfTheThreeKingdoms\AirViewPlugin\AirViewPlugin.csproj", "{F26B7073-978E-4B27-AA27-669D4F01C439}"
EndProject
Project("{FAE04EC0-301F-11D3-BF4B-00C04F79EFBC}") = "GameFreeText", "GameFreeText\GameFreeText.csproj", "{E13A763D-DC5B-447F-AF3F-392343B8875B}"
EndProject
Project("{FAE04EC0-301F-11D3-BF4B-00C04F79EFBC}") = "PluginServices", "WorldOfTheThreeKingdoms\PluginServices\PluginServices.csproj", "{ADC4D535-C7CA-415A-8F0B-81AF3525EBD5}"
EndProject
Project("{FAE04EC0-301F-11D3-BF4B-00C04F79EFBC}") = "ScenarioGenerator", "ScenarioGenerator\ScenarioGenerator.csproj", "{B3F6DEED-88DB-4A1E-8653-EC325C6AD725}"
EndProject
Global
	GlobalSection(SolutionConfigurationPlatforms) = preSolution
		Debug|Any CPU = Debug|Any CPU
		Debug|Mixed Platforms = Debug|Mixed Platforms
		Debug|x86 = Debug|x86
		Release|Any CPU = Release|Any CPU
		Release|Mixed Platforms = Release|Mixed Platforms
		Release|x86 = Release|x86
	EndGlobalSection
	GlobalSection(ProjectConfigurationPlatforms) = postSolution
		{BB0FAD70-2894-44D2-A6EB-F7FD876B0FDA}.Debug|Any CPU.ActiveCfg = Debug|x86
		{BB0FAD70-2894-44D2-A6EB-F7FD876B0FDA}.Debug|Mixed Platforms.ActiveCfg = Debug|x86
		{BB0FAD70-2894-44D2-A6EB-F7FD876B0FDA}.Debug|Mixed Platforms.Build.0 = Debug|x86
		{BB0FAD70-2894-44D2-A6EB-F7FD876B0FDA}.Debug|x86.ActiveCfg = Debug|x86
		{BB0FAD70-2894-44D2-A6EB-F7FD876B0FDA}.Debug|x86.Build.0 = Debug|x86
		{BB0FAD70-2894-44D2-A6EB-F7FD876B0FDA}.Release|Any CPU.ActiveCfg = Release|x86
		{BB0FAD70-2894-44D2-A6EB-F7FD876B0FDA}.Release|Mixed Platforms.ActiveCfg = Release|x86
		{BB0FAD70-2894-44D2-A6EB-F7FD876B0FDA}.Release|Mixed Platforms.Build.0 = Release|x86
		{BB0FAD70-2894-44D2-A6EB-F7FD876B0FDA}.Release|x86.ActiveCfg = Release|x86
		{BB0FAD70-2894-44D2-A6EB-F7FD876B0FDA}.Release|x86.Build.0 = Release|x86
		{56DC58D6-46BC-4F4A-A7CF-D3D23EC2A831}.Debug|Any CPU.ActiveCfg = Debug|x86
		{56DC58D6-46BC-4F4A-A7CF-D3D23EC2A831}.Debug|Mixed Platforms.ActiveCfg = Debug|x86
		{56DC58D6-46BC-4F4A-A7CF-D3D23EC2A831}.Debug|Mixed Platforms.Build.0 = Debug|x86
		{56DC58D6-46BC-4F4A-A7CF-D3D23EC2A831}.Debug|x86.ActiveCfg = Debug|x86
		{56DC58D6-46BC-4F4A-A7CF-D3D23EC2A831}.Debug|x86.Build.0 = Debug|x86
		{56DC58D6-46BC-4F4A-A7CF-D3D23EC2A831}.Release|Any CPU.ActiveCfg = Release|x86
		{56DC58D6-46BC-4F4A-A7CF-D3D23EC2A831}.Release|Mixed Platforms.ActiveCfg = Release|x86
		{56DC58D6-46BC-4F4A-A7CF-D3D23EC2A831}.Release|Mixed Platforms.Build.0 = Release|x86
		{56DC58D6-46BC-4F4A-A7CF-D3D23EC2A831}.Release|x86.ActiveCfg = Release|x86
		{56DC58D6-46BC-4F4A-A7CF-D3D23EC2A831}.Release|x86.Build.0 = Release|x86
		{2DA0B513-64BF-4FB8-8775-1C9A5F6C9B21}.Debug|Any CPU.ActiveCfg = Debug|x86
		{2DA0B513-64BF-4FB8-8775-1C9A5F6C9B21}.Debug|Mixed Platforms.ActiveCfg = Debug|x86
		{2DA0B513-64BF-4FB8-8775-1C9A5F6C9B21}.Debug|Mixed Platforms.Build.0 = Debug|x86
		{2DA0B513-64BF-4FB8-8775-1C9A5F6C9B21}.Debug|x86.ActiveCfg = Debug|x86
		{2DA0B513-64BF-4FB8-8775-1C9A5F6C9B21}.Debug|x86.Build.0 = Debug|x86
		{2DA0B513-64BF-4FB8-8775-1C9A5F6C9B21}.Release|Any CPU.ActiveCfg = Release|x86
		{2DA0B513-64BF-4FB8-8775-1C9A5F6C9B21}.Release|Mixed Platforms.ActiveCfg = Release|x86
		{2DA0B513-64BF-4FB8-8775-1C9A5F6C9B21}.Release|Mixed Platforms.Build.0 = Release|x86
		{2DA0B513-64BF-4FB8-8775-1C9A5F6C9B21}.Release|x86.ActiveCfg = Release|x86
		{2DA0B513-64BF-4FB8-8775-1C9A5F6C9B21}.Release|x86.Build.0 = Release|x86
		{2E2F316D-58E4-4D37-A6D5-2918AF7CBEBB}.Debug|Any CPU.ActiveCfg = Debug|x86
		{2E2F316D-58E4-4D37-A6D5-2918AF7CBEBB}.Debug|Mixed Platforms.ActiveCfg = Debug|x86
		{2E2F316D-58E4-4D37-A6D5-2918AF7CBEBB}.Debug|Mixed Platforms.Build.0 = Debug|x86
		{2E2F316D-58E4-4D37-A6D5-2918AF7CBEBB}.Debug|x86.ActiveCfg = Debug|x86
		{2E2F316D-58E4-4D37-A6D5-2918AF7CBEBB}.Debug|x86.Build.0 = Debug|x86
		{2E2F316D-58E4-4D37-A6D5-2918AF7CBEBB}.Release|Any CPU.ActiveCfg = Release|x86
		{2E2F316D-58E4-4D37-A6D5-2918AF7CBEBB}.Release|Mixed Platforms.ActiveCfg = Release|x86
		{2E2F316D-58E4-4D37-A6D5-2918AF7CBEBB}.Release|Mixed Platforms.Build.0 = Release|x86
		{2E2F316D-58E4-4D37-A6D5-2918AF7CBEBB}.Release|x86.ActiveCfg = Release|x86
		{2E2F316D-58E4-4D37-A6D5-2918AF7CBEBB}.Release|x86.Build.0 = Release|x86
		{8A58A0F7-3E6B-460D-9880-0C2CD05ECA11}.Debug|Any CPU.ActiveCfg = Debug|x86
		{8A58A0F7-3E6B-460D-9880-0C2CD05ECA11}.Debug|Mixed Platforms.ActiveCfg = Debug|x86
		{8A58A0F7-3E6B-460D-9880-0C2CD05ECA11}.Debug|Mixed Platforms.Build.0 = Debug|x86
		{8A58A0F7-3E6B-460D-9880-0C2CD05ECA11}.Debug|x86.ActiveCfg = Debug|x86
		{8A58A0F7-3E6B-460D-9880-0C2CD05ECA11}.Debug|x86.Build.0 = Debug|x86
		{8A58A0F7-3E6B-460D-9880-0C2CD05ECA11}.Release|Any CPU.ActiveCfg = Release|x86
		{8A58A0F7-3E6B-460D-9880-0C2CD05ECA11}.Release|Mixed Platforms.ActiveCfg = Release|x86
		{8A58A0F7-3E6B-460D-9880-0C2CD05ECA11}.Release|Mixed Platforms.Build.0 = Release|x86
		{8A58A0F7-3E6B-460D-9880-0C2CD05ECA11}.Release|x86.ActiveCfg = Release|x86
		{8A58A0F7-3E6B-460D-9880-0C2CD05ECA11}.Release|x86.Build.0 = Release|x86
		{F26B7073-978E-4B27-AA27-669D4F01C439}.Debug|Any CPU.ActiveCfg = Debug|x86
		{F26B7073-978E-4B27-AA27-669D4F01C439}.Debug|Mixed Platforms.ActiveCfg = Debug|x86
		{F26B7073-978E-4B27-AA27-669D4F01C439}.Debug|Mixed Platforms.Build.0 = Debug|x86
		{F26B7073-978E-4B27-AA27-669D4F01C439}.Debug|x86.ActiveCfg = Debug|x86
		{F26B7073-978E-4B27-AA27-669D4F01C439}.Debug|x86.Build.0 = Debug|x86
		{F26B7073-978E-4B27-AA27-669D4F01C439}.Release|Any CPU.ActiveCfg = Release|x86
		{F26B7073-978E-4B27-AA27-669D4F01C439}.Release|Mixed Platforms.ActiveCfg = Release|x86
		{F26B7073-978E-4B27-AA27-669D4F01C439}.Release|Mixed Platforms.Build.0 = Release|x86
		{F26B7073-978E-4B27-AA27-669D4F01C439}.Release|x86.ActiveCfg = Release|x86
		{F26B7073-978E-4B27-AA27-669D4F01C439}.Release|x86.Build.0 = Release|x86
		{E13A763D-DC5B-447F-AF3F-392343B8875B}.Debug|Any CPU.ActiveCfg = Debug|x86
		{E13A763D-DC5B-447F-AF3F-392343B8875B}.Debug|Mixed Platforms.ActiveCfg = Debug|x86
		{E13A763D-DC5B-447F-AF3F-392343B8875B}.Debug|Mixed Platforms.Build.0 = Debug|x86
		{E13A763D-DC5B-447F-AF3F-392343B8875B}.Debug|x86.ActiveCfg = Debug|x86
		{E13A763D-DC5B-447F-AF3F-392343B8875B}.Debug|x86.Build.0 = Debug|x86
		{E13A763D-DC5B-447F-AF3F-392343B8875B}.Release|Any CPU.ActiveCfg = Release|x86
		{E13A763D-DC5B-447F-AF3F-392343B8875B}.Release|Mixed Platforms.ActiveCfg = Release|x86
		{E13A763D-DC5B-447F-AF3F-392343B8875B}.Release|Mixed Platforms.Build.0 = Release|x86
		{E13A763D-DC5B-447F-AF3F-392343B8875B}.Release|x86.ActiveCfg = Release|x86
		{E13A763D-DC5B-447F-AF3F-392343B8875B}.Release|x86.Build.0 = Release|x86
		{ADC4D535-C7CA-415A-8F0B-81AF3525EBD5}.Debug|Any CPU.ActiveCfg = Debug|x86
		{ADC4D535-C7CA-415A-8F0B-81AF3525EBD5}.Debug|Mixed Platforms.ActiveCfg = Debug|x86
		{ADC4D535-C7CA-415A-8F0B-81AF3525EBD5}.Debug|Mixed Platforms.Build.0 = Debug|x86
		{ADC4D535-C7CA-415A-8F0B-81AF3525EBD5}.Debug|x86.ActiveCfg = Debug|x86
		{ADC4D535-C7CA-415A-8F0B-81AF3525EBD5}.Debug|x86.Build.0 = Debug|x86
		{ADC4D535-C7CA-415A-8F0B-81AF3525EBD5}.Release|Any CPU.ActiveCfg = Release|x86
		{ADC4D535-C7CA-415A-8F0B-81AF3525EBD5}.Release|Mixed Platforms.ActiveCfg = Release|x86
		{ADC4D535-C7CA-415A-8F0B-81AF3525EBD5}.Release|Mixed Platforms.Build.0 = Release|x86
		{ADC4D535-C7CA-415A-8F0B-81AF3525EBD5}.Release|x86.ActiveCfg = Release|x86
		{ADC4D535-C7CA-415A-8F0B-81AF3525EBD5}.Release|x86.Build.0 = Release|x86
		{B3F6DEED-88DB-4A1E-8653-EC325C6AD725}.Debug|Any CPU.ActiveCfg = Debug|Any CPU
		{B3F6DEED-88DB-4A1E-8653-EC325C6AD725}.Debug|Any CPU.Build.0 = Debug|Any CPU
		{B3F6DEED-88DB-4A1E-8653-EC325C6AD725}.Debug|Mixed Platforms.ActiveCfg = Debug|Any CPU
		{B3F6DEED-88DB-4A1E-8653-EC325C6AD725}.Debug|Mixed Platforms.Build.0 = Debug|Any CPU
		{B3F6DEED-88DB-4A1E-8653-EC325C6AD725}.Debug|x86.ActiveCfg = Debug|Any CPU
		{B3F6DEED-88DB-4A1E-8653-EC325C6AD725}.Release|Any CPU.ActiveCfg = Release|Any CPU
		{B3F6DEED-88DB-4A1E-8653-EC325C6AD725}.Release|Any CPU.Build.0 = Release|Any CPU
		{B3F6DEED-88DB-4A1E-8653-EC325C6AD725}.Release|Mixed Platforms.ActiveCfg = Release|Any CPU
		{B3F6DEED-88DB-4A1E-8653-EC325C6AD725}.Release|Mixed Platforms.Build.0 = Release|Any CPU
		{B3F6DEED-88DB-4A1E-8653-EC325C6AD725}.Release|x86.ActiveCfg = Release|x86
		{B3F6DEED-88DB-4A1E-8653-EC325C6AD725}.Release|x86.Build.0 = Release|x86
		{C93EC368-BCF8-43A7-B30A-96166A276B1A}.Debug|Any CPU.ActiveCfg = Debug|x86
		{C93EC368-BCF8-43A7-B30A-96166A276B1A}.Debug|Mixed Platforms.ActiveCfg = Debug|x86
		{C93EC368-BCF8-43A7-B30A-96166A276B1A}.Debug|x86.ActiveCfg = Debug|x86
		{C93EC368-BCF8-43A7-B30A-96166A276B1A}.Release|Any CPU.ActiveCfg = Release|x86
		{C93EC368-BCF8-43A7-B30A-96166A276B1A}.Release|Mixed Platforms.ActiveCfg = Release|x86
		{C93EC368-BCF8-43A7-B30A-96166A276B1A}.Release|x86.ActiveCfg = Release|x86
		{EFF991BE-A2F6-4B95-8B6D-4DB4B0E95D06}.Debug|Any CPU.ActiveCfg = Debug|x86
		{EFF991BE-A2F6-4B95-8B6D-4DB4B0E95D06}.Debug|Mixed Platforms.ActiveCfg = Debug|x86
		{EFF991BE-A2F6-4B95-8B6D-4DB4B0E95D06}.Debug|x86.ActiveCfg = Debug|x86
		{EFF991BE-A2F6-4B95-8B6D-4DB4B0E95D06}.Release|Any CPU.ActiveCfg = Release|x86
		{EFF991BE-A2F6-4B95-8B6D-4DB4B0E95D06}.Release|Mixed Platforms.ActiveCfg = Release|x86
		{EFF991BE-A2F6-4B95-8B6D-4DB4B0E95D06}.Release|x86.ActiveCfg = Release|x86
		{A663FC0C-C17A-4F9A-8A1E-D51231EE0B04}.Debug|Any CPU.ActiveCfg = Debug|x86
		{A663FC0C-C17A-4F9A-8A1E-D51231EE0B04}.Debug|Mixed Platforms.ActiveCfg = Debug|x86
		{A663FC0C-C17A-4F9A-8A1E-D51231EE0B04}.Debug|x86.ActiveCfg = Debug|x86
		{A663FC0C-C17A-4F9A-8A1E-D51231EE0B04}.Release|Any CPU.ActiveCfg = Release|x86
		{A663FC0C-C17A-4F9A-8A1E-D51231EE0B04}.Release|Mixed Platforms.ActiveCfg = Release|x86
		{A663FC0C-C17A-4F9A-8A1E-D51231EE0B04}.Release|x86.ActiveCfg = Release|x86
		{F1438E32-40BA-420F-B601-8C9A4698B2FE}.Debug|Any CPU.ActiveCfg = Debug|x86
		{F1438E32-40BA-420F-B601-8C9A4698B2FE}.Debug|Mixed Platforms.ActiveCfg = Debug|x86
		{F1438E32-40BA-420F-B601-8C9A4698B2FE}.Debug|x86.ActiveCfg = Debug|x86
		{F1438E32-40BA-420F-B601-8C9A4698B2FE}.Release|Any CPU.ActiveCfg = Release|x86
		{F1438E32-40BA-420F-B601-8C9A4698B2FE}.Release|Mixed Platforms.ActiveCfg = Release|x86
		{F1438E32-40BA-420F-B601-8C9A4698B2FE}.Release|x86.ActiveCfg = Release|x86
	EndGlobalSection
	GlobalSection(SolutionProperties) = preSolution
		HideSolutionNode = FALSE
	EndGlobalSection
EndGlobal
