
Microsoft Visual Studio Solution File, Format Version 10.00
# Visual C# Express 2008
Project("{FAE04EC0-301F-11D3-BF4B-00C04F79EFBC}") = "GameObjects", "GameObjects\GameObjects.csproj", "{BB0FAD70-2894-44D2-A6EB-F7FD876B0FDA}"
	ProjectSection(ProjectDependencies) = postProject
		{56DC58D6-46BC-4F4A-A7CF-D3D23EC2A831} = {56DC58D6-46BC-4F4A-A7CF-D3D23EC2A831}
	EndProjectSection
EndProject
Project("{FAE04EC0-301F-11D3-BF4B-00C04F79EFBC}") = "GameGlobal", "GameGlobal\GameGlobal.csproj", "{56DC58D6-46BC-4F4A-A7CF-D3D23EC2A831}"
EndProject
Project("{FAE04EC0-301F-11D3-BF4B-00C04F79EFBC}") = "PluginInterface", "WorldOfTheThreeKingdoms\PluginInterface\PluginInterface.csproj", "{2DA0B513-64BF-4FB8-8775-1C9A5F6C9B21}"
EndProject
Project("{FAE04EC0-301F-11D3-BF4B-00C04F79EFBC}") = "ContextMenuPlugin", "ContextMenuPlugin\ContextMenuPlugin.csproj", "{A20F04A4-5271-4DBA-8B78-916A67D75720}"
EndProject
Project("{FAE04EC0-301F-11D3-BF4B-00C04F79EFBC}") = "MapViewSelectorPlugin", "MapViewSelectorPlugin\MapViewSelectorPlugin.csproj", "{8739D30A-1163-4460-8C88-929088E4D7D4}"
EndProject
Project("{FAE04EC0-301F-11D3-BF4B-00C04F79EFBC}") = "GameFormFramePlugin", "GameFormFramePlugin\GameFormFramePlugin.csproj", "{8246AB8C-A500-4228-A12F-74D16E7AE4E2}"
EndProject
Project("{FAE04EC0-301F-11D3-BF4B-00C04F79EFBC}") = "TabListPlugin", "TabListPlugin\TabListPlugin.csproj", "{1ED7E0C3-417B-40F0-9950-63886C62E66C}"
EndProject
Project("{FAE04EC0-301F-11D3-BF4B-00C04F79EFBC}") = "CreateTroopPlugin", "CreateTroopPlugin\CreateTroopPlugin.csproj", "{FC697DF4-40A3-41C2-9A8C-2A9DAFEA09CB}"
EndProject
Project("{FAE04EC0-301F-11D3-BF4B-00C04F79EFBC}") = "MarshalSectionDialogPlugin", "MarshalSectionDialogPlugin\MarshalSectionDialogPlugin.csproj", "{7DAAF016-1FC0-4C6E-9DD1-986BA243A921}"
EndProject
Project("{FAE04EC0-301F-11D3-BF4B-00C04F79EFBC}") = "WorldOfTheThreeKingdoms", "WorldOfTheThreeKingdoms\WorldOfTheThreeKingdoms.csproj", "{2E2F316D-58E4-4D37-A6D5-2918AF7CBEBB}"
EndProject
Project("{FAE04EC0-301F-11D3-BF4B-00C04F79EFBC}") = "MapEditor", "MapEditor\MapEditor.csproj", "{8A58A0F7-3E6B-460D-9880-0C2CD05ECA11}"
EndProject
Project("{FAE04EC0-301F-11D3-BF4B-00C04F79EFBC}") = "ArchitectureSurveyPlugin", "WorldOfTheThreeKingdoms\ArchitectureSurveyPlugin\ArchitectureSurveyPlugin.csproj", "{87EDCD60-753F-40B6-B922-41804204195F}"
EndProject
Project("{FAE04EC0-301F-11D3-BF4B-00C04F79EFBC}") = "TroopTitlePlugin", "..\public\TroopTitlePlugin\TroopTitlePlugin.csproj", "{66F77770-D1F2-4977-B57B-969502197E20}"
EndProject
Project("{FAE04EC0-301F-11D3-BF4B-00C04F79EFBC}") = "GameFreeText", "..\public\GameFreeText\GameFreeText.csproj", "{E13A763D-DC5B-447F-AF3F-392343B8875B}"
EndProject
Project("{FAE04EC0-301F-11D3-BF4B-00C04F79EFBC}") = "PluginServices", "..\public\WorldOfTheThreeKingdoms\PluginServices\PluginServices.csproj", "{ADC4D535-C7CA-415A-8F0B-81AF3525EBD5}"
EndProject
Project("{FAE04EC0-301F-11D3-BF4B-00C04F79EFBC}") = "TroopDetailPlugin", "TroopDetailPlugin\TroopDetailPlugin.csproj", "{210F6932-E683-4EB2-B277-400BCE3A1AB0}"
EndProject
Project("{FAE04EC0-301F-11D3-BF4B-00C04F79EFBC}") = "AirViewPlugin", "WorldOfTheThreeKingdoms\AirViewPlugin\AirViewPlugin.csproj", "{F26B7073-978E-4B27-AA27-669D4F01C439}"
EndProject
Global
	GlobalSection(SolutionConfigurationPlatforms) = preSolution
		Debug|Any CPU = Debug|Any CPU
		Debug|Mixed Platforms = Debug|Mixed Platforms
		Debug|x86 = Debug|x86
		Release|Any CPU = Release|Any CPU
		Release|Mixed Platforms = Release|Mixed Platforms
		Release|x86 = Release|x86
	EndGlobalSection
	GlobalSection(ProjectConfigurationPlatforms) = postSolution
		{BB0FAD70-2894-44D2-A6EB-F7FD876B0FDA}.Debug|Any CPU.ActiveCfg = Debug|x86
		{BB0FAD70-2894-44D2-A6EB-F7FD876B0FDA}.Debug|Mixed Platforms.ActiveCfg = Debug|x86
		{BB0FAD70-2894-44D2-A6EB-F7FD876B0FDA}.Debug|Mixed Platforms.Build.0 = Debug|x86
		{BB0FAD70-2894-44D2-A6EB-F7FD876B0FDA}.Debug|x86.ActiveCfg = Debug|x86
		{BB0FAD70-2894-44D2-A6EB-F7FD876B0FDA}.Debug|x86.Build.0 = Debug|x86
		{BB0FAD70-2894-44D2-A6EB-F7FD876B0FDA}.Release|Any CPU.ActiveCfg = Release|x86
		{BB0FAD70-2894-44D2-A6EB-F7FD876B0FDA}.Release|Mixed Platforms.ActiveCfg = Release|x86
		{BB0FAD70-2894-44D2-A6EB-F7FD876B0FDA}.Release|Mixed Platforms.Build.0 = Release|x86
		{BB0FAD70-2894-44D2-A6EB-F7FD876B0FDA}.Release|x86.ActiveCfg = Release|x86
		{BB0FAD70-2894-44D2-A6EB-F7FD876B0FDA}.Release|x86.Build.0 = Release|x86
		{56DC58D6-46BC-4F4A-A7CF-D3D23EC2A831}.Debug|Any CPU.ActiveCfg = Debug|x86
		{56DC58D6-46BC-4F4A-A7CF-D3D23EC2A831}.Debug|Mixed Platforms.ActiveCfg = Debug|x86
		{56DC58D6-46BC-4F4A-A7CF-D3D23EC2A831}.Debug|Mixed Platforms.Build.0 = Debug|x86
		{56DC58D6-46BC-4F4A-A7CF-D3D23EC2A831}.Debug|x86.ActiveCfg = Debug|x86
		{56DC58D6-46BC-4F4A-A7CF-D3D23EC2A831}.Debug|x86.Build.0 = Debug|x86
		{56DC58D6-46BC-4F4A-A7CF-D3D23EC2A831}.Release|Any CPU.ActiveCfg = Release|x86
		{56DC58D6-46BC-4F4A-A7CF-D3D23EC2A831}.Release|Mixed Platforms.ActiveCfg = Release|x86
		{56DC58D6-46BC-4F4A-A7CF-D3D23EC2A831}.Release|Mixed Platforms.Build.0 = Release|x86
		{56DC58D6-46BC-4F4A-A7CF-D3D23EC2A831}.Release|x86.ActiveCfg = Release|x86
		{56DC58D6-46BC-4F4A-A7CF-D3D23EC2A831}.Release|x86.Build.0 = Release|x86
		{2DA0B513-64BF-4FB8-8775-1C9A5F6C9B21}.Debug|Any CPU.ActiveCfg = Debug|x86
		{2DA0B513-64BF-4FB8-8775-1C9A5F6C9B21}.Debug|Mixed Platforms.ActiveCfg = Debug|x86
		{2DA0B513-64BF-4FB8-8775-1C9A5F6C9B21}.Debug|Mixed Platforms.Build.0 = Debug|x86
		{2DA0B513-64BF-4FB8-8775-1C9A5F6C9B21}.Debug|x86.ActiveCfg = Debug|x86
		{2DA0B513-64BF-4FB8-8775-1C9A5F6C9B21}.Debug|x86.Build.0 = Debug|x86
		{2DA0B513-64BF-4FB8-8775-1C9A5F6C9B21}.Release|Any CPU.ActiveCfg = Release|x86
		{2DA0B513-64BF-4FB8-8775-1C9A5F6C9B21}.Release|Mixed Platforms.ActiveCfg = Release|x86
		{2DA0B513-64BF-4FB8-8775-1C9A5F6C9B21}.Release|Mixed Platforms.Build.0 = Release|x86
		{2DA0B513-64BF-4FB8-8775-1C9A5F6C9B21}.Release|x86.ActiveCfg = Release|x86
		{2DA0B513-64BF-4FB8-8775-1C9A5F6C9B21}.Release|x86.Build.0 = Release|x86
		{A20F04A4-5271-4DBA-8B78-916A67D75720}.Debug|Any CPU.ActiveCfg = Debug|x86
		{A20F04A4-5271-4DBA-8B78-916A67D75720}.Debug|Mixed Platforms.ActiveCfg = Debug|x86
		{A20F04A4-5271-4DBA-8B78-916A67D75720}.Debug|Mixed Platforms.Build.0 = Debug|x86
		{A20F04A4-5271-4DBA-8B78-916A67D75720}.Debug|x86.ActiveCfg = Debug|x86
		{A20F04A4-5271-4DBA-8B78-916A67D75720}.Debug|x86.Build.0 = Debug|x86
		{A20F04A4-5271-4DBA-8B78-916A67D75720}.Release|Any CPU.ActiveCfg = Release|x86
		{A20F04A4-5271-4DBA-8B78-916A67D75720}.Release|Mixed Platforms.ActiveCfg = Release|x86
		{A20F04A4-5271-4DBA-8B78-916A67D75720}.Release|Mixed Platforms.Build.0 = Release|x86
		{A20F04A4-5271-4DBA-8B78-916A67D75720}.Release|x86.ActiveCfg = Release|x86
		{A20F04A4-5271-4DBA-8B78-916A67D75720}.Release|x86.Build.0 = Release|x86
		{8739D30A-1163-4460-8C88-929088E4D7D4}.Debug|Any CPU.ActiveCfg = Debug|x86
		{8739D30A-1163-4460-8C88-929088E4D7D4}.Debug|Mixed Platforms.ActiveCfg = Debug|x86
		{8739D30A-1163-4460-8C88-929088E4D7D4}.Debug|Mixed Platforms.Build.0 = Debug|x86
		{8739D30A-1163-4460-8C88-929088E4D7D4}.Debug|x86.ActiveCfg = Debug|x86
		{8739D30A-1163-4460-8C88-929088E4D7D4}.Debug|x86.Build.0 = Debug|x86
		{8739D30A-1163-4460-8C88-929088E4D7D4}.Release|Any CPU.ActiveCfg = Release|x86
		{8739D30A-1163-4460-8C88-929088E4D7D4}.Release|Mixed Platforms.ActiveCfg = Release|x86
		{8739D30A-1163-4460-8C88-929088E4D7D4}.Release|Mixed Platforms.Build.0 = Release|x86
		{8739D30A-1163-4460-8C88-929088E4D7D4}.Release|x86.ActiveCfg = Release|x86
		{8739D30A-1163-4460-8C88-929088E4D7D4}.Release|x86.Build.0 = Release|x86
		{8246AB8C-A500-4228-A12F-74D16E7AE4E2}.Debug|Any CPU.ActiveCfg = Debug|x86
		{8246AB8C-A500-4228-A12F-74D16E7AE4E2}.Debug|Mixed Platforms.ActiveCfg = Debug|x86
		{8246AB8C-A500-4228-A12F-74D16E7AE4E2}.Debug|Mixed Platforms.Build.0 = Debug|x86
		{8246AB8C-A500-4228-A12F-74D16E7AE4E2}.Debug|x86.ActiveCfg = Debug|x86
		{8246AB8C-A500-4228-A12F-74D16E7AE4E2}.Debug|x86.Build.0 = Debug|x86
		{8246AB8C-A500-4228-A12F-74D16E7AE4E2}.Release|Any CPU.ActiveCfg = Release|x86
		{8246AB8C-A500-4228-A12F-74D16E7AE4E2}.Release|Mixed Platforms.ActiveCfg = Release|x86
		{8246AB8C-A500-4228-A12F-74D16E7AE4E2}.Release|Mixed Platforms.Build.0 = Release|x86
		{8246AB8C-A500-4228-A12F-74D16E7AE4E2}.Release|x86.ActiveCfg = Release|x86
		{8246AB8C-A500-4228-A12F-74D16E7AE4E2}.Release|x86.Build.0 = Release|x86
		{1ED7E0C3-417B-40F0-9950-63886C62E66C}.Debug|Any CPU.ActiveCfg = Debug|x86
		{1ED7E0C3-417B-40F0-9950-63886C62E66C}.Debug|Mixed Platforms.ActiveCfg = Debug|x86
		{1ED7E0C3-417B-40F0-9950-63886C62E66C}.Debug|Mixed Platforms.Build.0 = Debug|x86
		{1ED7E0C3-417B-40F0-9950-63886C62E66C}.Debug|x86.ActiveCfg = Debug|x86
		{1ED7E0C3-417B-40F0-9950-63886C62E66C}.Debug|x86.Build.0 = Debug|x86
		{1ED7E0C3-417B-40F0-9950-63886C62E66C}.Release|Any CPU.ActiveCfg = Release|x86
		{1ED7E0C3-417B-40F0-9950-63886C62E66C}.Release|Mixed Platforms.ActiveCfg = Release|x86
		{1ED7E0C3-417B-40F0-9950-63886C62E66C}.Release|Mixed Platforms.Build.0 = Release|x86
		{1ED7E0C3-417B-40F0-9950-63886C62E66C}.Release|x86.ActiveCfg = Release|x86
		{1ED7E0C3-417B-40F0-9950-63886C62E66C}.Release|x86.Build.0 = Release|x86
		{FC697DF4-40A3-41C2-9A8C-2A9DAFEA09CB}.Debug|Any CPU.ActiveCfg = Debug|x86
		{FC697DF4-40A3-41C2-9A8C-2A9DAFEA09CB}.Debug|Mixed Platforms.ActiveCfg = Debug|x86
		{FC697DF4-40A3-41C2-9A8C-2A9DAFEA09CB}.Debug|Mixed Platforms.Build.0 = Debug|x86
		{FC697DF4-40A3-41C2-9A8C-2A9DAFEA09CB}.Debug|x86.ActiveCfg = Debug|x86
		{FC697DF4-40A3-41C2-9A8C-2A9DAFEA09CB}.Debug|x86.Build.0 = Debug|x86
		{FC697DF4-40A3-41C2-9A8C-2A9DAFEA09CB}.Release|Any CPU.ActiveCfg = Release|x86
		{FC697DF4-40A3-41C2-9A8C-2A9DAFEA09CB}.Release|Mixed Platforms.ActiveCfg = Release|x86
		{FC697DF4-40A3-41C2-9A8C-2A9DAFEA09CB}.Release|Mixed Platforms.Build.0 = Release|x86
		{FC697DF4-40A3-41C2-9A8C-2A9DAFEA09CB}.Release|x86.ActiveCfg = Release|x86
		{FC697DF4-40A3-41C2-9A8C-2A9DAFEA09CB}.Release|x86.Build.0 = Release|x86
		{7DAAF016-1FC0-4C6E-9DD1-986BA243A921}.Debug|Any CPU.ActiveCfg = Debug|x86
		{7DAAF016-1FC0-4C6E-9DD1-986BA243A921}.Debug|Mixed Platforms.ActiveCfg = Debug|x86
		{7DAAF016-1FC0-4C6E-9DD1-986BA243A921}.Debug|Mixed Platforms.Build.0 = Debug|x86
		{7DAAF016-1FC0-4C6E-9DD1-986BA243A921}.Debug|x86.ActiveCfg = Debug|x86
		{7DAAF016-1FC0-4C6E-9DD1-986BA243A921}.Debug|x86.Build.0 = Debug|x86
		{7DAAF016-1FC0-4C6E-9DD1-986BA243A921}.Release|Any CPU.ActiveCfg = Release|x86
		{7DAAF016-1FC0-4C6E-9DD1-986BA243A921}.Release|Mixed Platforms.ActiveCfg = Release|x86
		{7DAAF016-1FC0-4C6E-9DD1-986BA243A921}.Release|Mixed Platforms.Build.0 = Release|x86
		{7DAAF016-1FC0-4C6E-9DD1-986BA243A921}.Release|x86.ActiveCfg = Release|x86
		{7DAAF016-1FC0-4C6E-9DD1-986BA243A921}.Release|x86.Build.0 = Release|x86
		{2E2F316D-58E4-4D37-A6D5-2918AF7CBEBB}.Debug|Any CPU.ActiveCfg = Debug|x86
		{2E2F316D-58E4-4D37-A6D5-2918AF7CBEBB}.Debug|Mixed Platforms.ActiveCfg = Debug|x86
		{2E2F316D-58E4-4D37-A6D5-2918AF7CBEBB}.Debug|Mixed Platforms.Build.0 = Debug|x86
		{2E2F316D-58E4-4D37-A6D5-2918AF7CBEBB}.Debug|x86.ActiveCfg = Debug|x86
		{2E2F316D-58E4-4D37-A6D5-2918AF7CBEBB}.Debug|x86.Build.0 = Debug|x86
		{2E2F316D-58E4-4D37-A6D5-2918AF7CBEBB}.Release|Any CPU.ActiveCfg = Release|x86
		{2E2F316D-58E4-4D37-A6D5-2918AF7CBEBB}.Release|Mixed Platforms.ActiveCfg = Release|x86
		{2E2F316D-58E4-4D37-A6D5-2918AF7CBEBB}.Release|Mixed Platforms.Build.0 = Release|x86
		{2E2F316D-58E4-4D37-A6D5-2918AF7CBEBB}.Release|x86.ActiveCfg = Release|x86
		{2E2F316D-58E4-4D37-A6D5-2918AF7CBEBB}.Release|x86.Build.0 = Release|x86
		{8A58A0F7-3E6B-460D-9880-0C2CD05ECA11}.Debug|Any CPU.ActiveCfg = Debug|x86
		{8A58A0F7-3E6B-460D-9880-0C2CD05ECA11}.Debug|Mixed Platforms.ActiveCfg = Debug|x86
		{8A58A0F7-3E6B-460D-9880-0C2CD05ECA11}.Debug|Mixed Platforms.Build.0 = Debug|x86
		{8A58A0F7-3E6B-460D-9880-0C2CD05ECA11}.Debug|x86.ActiveCfg = Debug|x86
		{8A58A0F7-3E6B-460D-9880-0C2CD05ECA11}.Debug|x86.Build.0 = Debug|x86
		{8A58A0F7-3E6B-460D-9880-0C2CD05ECA11}.Release|Any CPU.ActiveCfg = Release|x86
		{8A58A0F7-3E6B-460D-9880-0C2CD05ECA11}.Release|Mixed Platforms.ActiveCfg = Release|x86
		{8A58A0F7-3E6B-460D-9880-0C2CD05ECA11}.Release|Mixed Platforms.Build.0 = Release|x86
		{8A58A0F7-3E6B-460D-9880-0C2CD05ECA11}.Release|x86.ActiveCfg = Release|x86
		{8A58A0F7-3E6B-460D-9880-0C2CD05ECA11}.Release|x86.Build.0 = Release|x86
		{87EDCD60-753F-40B6-B922-41804204195F}.Debug|Any CPU.ActiveCfg = Debug|x86
		{87EDCD60-753F-40B6-B922-41804204195F}.Debug|Mixed Platforms.ActiveCfg = Debug|x86
		{87EDCD60-753F-40B6-B922-41804204195F}.Debug|Mixed Platforms.Build.0 = Debug|x86
		{87EDCD60-753F-40B6-B922-41804204195F}.Debug|x86.ActiveCfg = Debug|x86
		{87EDCD60-753F-40B6-B922-41804204195F}.Debug|x86.Build.0 = Debug|x86
		{87EDCD60-753F-40B6-B922-41804204195F}.Release|Any CPU.ActiveCfg = Release|x86
		{87EDCD60-753F-40B6-B922-41804204195F}.Release|Mixed Platforms.ActiveCfg = Release|x86
		{87EDCD60-753F-40B6-B922-41804204195F}.Release|Mixed Platforms.Build.0 = Release|x86
		{87EDCD60-753F-40B6-B922-41804204195F}.Release|x86.ActiveCfg = Release|x86
		{87EDCD60-753F-40B6-B922-41804204195F}.Release|x86.Build.0 = Release|x86
		{66F77770-D1F2-4977-B57B-969502197E20}.Debug|Any CPU.ActiveCfg = Debug|x86
		{66F77770-D1F2-4977-B57B-969502197E20}.Debug|Mixed Platforms.ActiveCfg = Debug|x86
		{66F77770-D1F2-4977-B57B-969502197E20}.Debug|Mixed Platforms.Build.0 = Debug|x86
		{66F77770-D1F2-4977-B57B-969502197E20}.Debug|x86.ActiveCfg = Debug|x86
		{66F77770-D1F2-4977-B57B-969502197E20}.Debug|x86.Build.0 = Debug|x86
		{66F77770-D1F2-4977-B57B-969502197E20}.Release|Any CPU.ActiveCfg = Release|x86
		{66F77770-D1F2-4977-B57B-969502197E20}.Release|Mixed Platforms.ActiveCfg = Release|x86
		{66F77770-D1F2-4977-B57B-969502197E20}.Release|Mixed Platforms.Build.0 = Release|x86
		{66F77770-D1F2-4977-B57B-969502197E20}.Release|x86.ActiveCfg = Release|x86
		{66F77770-D1F2-4977-B57B-969502197E20}.Release|x86.Build.0 = Release|x86
		{E13A763D-DC5B-447F-AF3F-392343B8875B}.Debug|Any CPU.ActiveCfg = Debug|x86
		{E13A763D-DC5B-447F-AF3F-392343B8875B}.Debug|Mixed Platforms.ActiveCfg = Debug|x86
		{E13A763D-DC5B-447F-AF3F-392343B8875B}.Debug|Mixed Platforms.Build.0 = Debug|x86
		{E13A763D-DC5B-447F-AF3F-392343B8875B}.Debug|x86.ActiveCfg = Debug|x86
		{E13A763D-DC5B-447F-AF3F-392343B8875B}.Debug|x86.Build.0 = Debug|x86
		{E13A763D-DC5B-447F-AF3F-392343B8875B}.Release|Any CPU.ActiveCfg = Release|x86
		{E13A763D-DC5B-447F-AF3F-392343B8875B}.Release|Mixed Platforms.ActiveCfg = Release|x86
		{E13A763D-DC5B-447F-AF3F-392343B8875B}.Release|Mixed Platforms.Build.0 = Release|x86
		{E13A763D-DC5B-447F-AF3F-392343B8875B}.Release|x86.ActiveCfg = Release|x86
		{E13A763D-DC5B-447F-AF3F-392343B8875B}.Release|x86.Build.0 = Release|x86
		{ADC4D535-C7CA-415A-8F0B-81AF3525EBD5}.Debug|Any CPU.ActiveCfg = Debug|x86
		{ADC4D535-C7CA-415A-8F0B-81AF3525EBD5}.Debug|Mixed Platforms.ActiveCfg = Debug|x86
		{ADC4D535-C7CA-415A-8F0B-81AF3525EBD5}.Debug|Mixed Platforms.Build.0 = Debug|x86
		{ADC4D535-C7CA-415A-8F0B-81AF3525EBD5}.Debug|x86.ActiveCfg = Debug|x86
		{ADC4D535-C7CA-415A-8F0B-81AF3525EBD5}.Debug|x86.Build.0 = Debug|x86
		{ADC4D535-C7CA-415A-8F0B-81AF3525EBD5}.Release|Any CPU.ActiveCfg = Release|x86
		{ADC4D535-C7CA-415A-8F0B-81AF3525EBD5}.Release|Mixed Platforms.ActiveCfg = Release|x86
		{ADC4D535-C7CA-415A-8F0B-81AF3525EBD5}.Release|Mixed Platforms.Build.0 = Release|x86
		{ADC4D535-C7CA-415A-8F0B-81AF3525EBD5}.Release|x86.ActiveCfg = Release|x86
		{ADC4D535-C7CA-415A-8F0B-81AF3525EBD5}.Release|x86.Build.0 = Release|x86
		{210F6932-E683-4EB2-B277-400BCE3A1AB0}.Debug|Any CPU.ActiveCfg = Debug|Any CPU
		{210F6932-E683-4EB2-B277-400BCE3A1AB0}.Debug|Any CPU.Build.0 = Debug|Any CPU
		{210F6932-E683-4EB2-B277-400BCE3A1AB0}.Debug|Mixed Platforms.ActiveCfg = Debug|Any CPU
		{210F6932-E683-4EB2-B277-400BCE3A1AB0}.Debug|Mixed Platforms.Build.0 = Debug|Any CPU
		{210F6932-E683-4EB2-B277-400BCE3A1AB0}.Debug|x86.ActiveCfg = Debug|Any CPU
		{210F6932-E683-4EB2-B277-400BCE3A1AB0}.Release|Any CPU.ActiveCfg = Release|Any CPU
		{210F6932-E683-4EB2-B277-400BCE3A1AB0}.Release|Any CPU.Build.0 = Release|Any CPU
		{210F6932-E683-4EB2-B277-400BCE3A1AB0}.Release|Mixed Platforms.ActiveCfg = Release|Any CPU
		{210F6932-E683-4EB2-B277-400BCE3A1AB0}.Release|Mixed Platforms.Build.0 = Release|Any CPU
		{210F6932-E683-4EB2-B277-400BCE3A1AB0}.Release|x86.ActiveCfg = Release|Any CPU
		{C93EC368-BCF8-43A7-B30A-96166A276B1A}.Debug|Any CPU.ActiveCfg = Debug|x86
		{C93EC368-BCF8-43A7-B30A-96166A276B1A}.Debug|Mixed Platforms.ActiveCfg = Debug|x86
		{C93EC368-BCF8-43A7-B30A-96166A276B1A}.Debug|x86.ActiveCfg = Debug|x86
		{C93EC368-BCF8-43A7-B30A-96166A276B1A}.Release|Any CPU.ActiveCfg = Release|x86
		{C93EC368-BCF8-43A7-B30A-96166A276B1A}.Release|Mixed Platforms.ActiveCfg = Release|x86
		{C93EC368-BCF8-43A7-B30A-96166A276B1A}.Release|x86.ActiveCfg = Release|x86
		{EFF991BE-A2F6-4B95-8B6D-4DB4B0E95D06}.Debug|Any CPU.ActiveCfg = Debug|x86
		{EFF991BE-A2F6-4B95-8B6D-4DB4B0E95D06}.Debug|Mixed Platforms.ActiveCfg = Debug|x86
		{EFF991BE-A2F6-4B95-8B6D-4DB4B0E95D06}.Debug|x86.ActiveCfg = Debug|x86
		{EFF991BE-A2F6-4B95-8B6D-4DB4B0E95D06}.Release|Any CPU.ActiveCfg = Release|x86
		{EFF991BE-A2F6-4B95-8B6D-4DB4B0E95D06}.Release|Mixed Platforms.ActiveCfg = Release|x86
		{EFF991BE-A2F6-4B95-8B6D-4DB4B0E95D06}.Release|x86.ActiveCfg = Release|x86
		{10AAE9BE-4935-4187-80B1-2A226E476706}.Debug|Any CPU.ActiveCfg = Debug|x86
		{10AAE9BE-4935-4187-80B1-2A226E476706}.Debug|Mixed Platforms.ActiveCfg = Debug|x86
		{10AAE9BE-4935-4187-80B1-2A226E476706}.Debug|x86.ActiveCfg = Debug|x86
		{10AAE9BE-4935-4187-80B1-2A226E476706}.Release|Any CPU.ActiveCfg = Release|x86
		{10AAE9BE-4935-4187-80B1-2A226E476706}.Release|Mixed Platforms.ActiveCfg = Release|x86
		{10AAE9BE-4935-4187-80B1-2A226E476706}.Release|x86.ActiveCfg = Release|x86
		{4020941F-0367-42DE-B1CF-75531DF3233F}.Debug|Any CPU.ActiveCfg = Debug|x86
		{4020941F-0367-42DE-B1CF-75531DF3233F}.Debug|Mixed Platforms.ActiveCfg = Debug|x86
		{4020941F-0367-42DE-B1CF-75531DF3233F}.Debug|x86.ActiveCfg = Debug|x86
		{4020941F-0367-42DE-B1CF-75531DF3233F}.Release|Any CPU.ActiveCfg = Release|x86
		{4020941F-0367-42DE-B1CF-75531DF3233F}.Release|Mixed Platforms.ActiveCfg = Release|x86
		{4020941F-0367-42DE-B1CF-75531DF3233F}.Release|x86.ActiveCfg = Release|x86
		{F1438E32-40BA-420F-B601-8C9A4698B2FE}.Debug|Any CPU.ActiveCfg = Debug|x86
		{F1438E32-40BA-420F-B601-8C9A4698B2FE}.Debug|Mixed Platforms.ActiveCfg = Debug|x86
		{F1438E32-40BA-420F-B601-8C9A4698B2FE}.Debug|x86.ActiveCfg = Debug|x86
		{F1438E32-40BA-420F-B601-8C9A4698B2FE}.Release|Any CPU.ActiveCfg = Release|x86
		{F1438E32-40BA-420F-B601-8C9A4698B2FE}.Release|Mixed Platforms.ActiveCfg = Release|x86
		{F1438E32-40BA-420F-B601-8C9A4698B2FE}.Release|x86.ActiveCfg = Release|x86
		{F26B7073-978E-4B27-AA27-669D4F01C439}.Debug|Any CPU.ActiveCfg = Debug|x86
		{F26B7073-978E-4B27-AA27-669D4F01C439}.Debug|Mixed Platforms.ActiveCfg = Debug|x86
		{F26B7073-978E-4B27-AA27-669D4F01C439}.Debug|Mixed Platforms.Build.0 = Debug|x86
		{F26B7073-978E-4B27-AA27-669D4F01C439}.Debug|x86.ActiveCfg = Debug|x86
		{F26B7073-978E-4B27-AA27-669D4F01C439}.Debug|x86.Build.0 = Debug|x86
		{F26B7073-978E-4B27-AA27-669D4F01C439}.Release|Any CPU.ActiveCfg = Release|x86
		{F26B7073-978E-4B27-AA27-669D4F01C439}.Release|Mixed Platforms.ActiveCfg = Release|x86
		{F26B7073-978E-4B27-AA27-669D4F01C439}.Release|Mixed Platforms.Build.0 = Release|x86
		{F26B7073-978E-4B27-AA27-669D4F01C439}.Release|x86.ActiveCfg = Release|x86
		{F26B7073-978E-4B27-AA27-669D4F01C439}.Release|x86.Build.0 = Release|x86
		{A663FC0C-C17A-4F9A-8A1E-D51231EE0B04}.Debug|Any CPU.ActiveCfg = Debug|x86
		{A663FC0C-C17A-4F9A-8A1E-D51231EE0B04}.Debug|Mixed Platforms.ActiveCfg = Debug|x86
		{A663FC0C-C17A-4F9A-8A1E-D51231EE0B04}.Debug|x86.ActiveCfg = Debug|x86
		{A663FC0C-C17A-4F9A-8A1E-D51231EE0B04}.Release|Any CPU.ActiveCfg = Release|x86
		{A663FC0C-C17A-4F9A-8A1E-D51231EE0B04}.Release|Mixed Platforms.ActiveCfg = Release|x86
		{A663FC0C-C17A-4F9A-8A1E-D51231EE0B04}.Release|x86.ActiveCfg = Release|x86
	EndGlobalSection
	GlobalSection(SolutionProperties) = preSolution
		HideSolutionNode = FALSE
	EndGlobalSection
EndGlobal
